
Microsoft Visual Studio Solution File, Format Version 12.00
# Visual Studio Version 16
VisualStudioVersion = 16.0.29503.13
MinimumVisualStudioVersion = 10.0.40219.1
Project("{88A30576-7583-4F75-8136-5EFD2C14ADFF}") = "CrmPackage", "CrmPackage\CrmPackage.csproj", "{118DD381-2644-4534-A0C3-23432AB4EFC6}"
	ProjectSection(ProjectDependencies) = postProject
		{C35561FD-C1DE-48CC-8217-F09E6D2A7864} = {C35561FD-C1DE-48CC-8217-F09E6D2A7864}
	EndProjectSection
EndProject
Project("{FAE04EC0-301F-11D3-BF4B-00C04F79EFBC}") = "PluginsExtention", "PluginsExtention\PluginsExtention.csproj", "{C35561FD-C1DE-48CC-8217-F09E6D2A7864}"
EndProject
Global
	GlobalSection(SolutionConfigurationPlatforms) = preSolution
		Debug|Any CPU = Debug|Any CPU
		Release|Any CPU = Release|Any CPU
	EndGlobalSection
	GlobalSection(ProjectConfigurationPlatforms) = postSolution
		{118DD381-2644-4534-A0C3-23432AB4EFC6}.Debug|Any CPU.ActiveCfg = Debug|Any CPU
		{118DD381-2644-4534-A0C3-23432AB4EFC6}.Debug|Any CPU.Build.0 = Debug|Any CPU
		{118DD381-2644-4534-A0C3-23432AB4EFC6}.Debug|Any CPU.Deploy.0 = Debug|Any CPU
		{118DD381-2644-4534-A0C3-23432AB4EFC6}.Release|Any CPU.ActiveCfg = Release|Any CPU
		{118DD381-2644-4534-A0C3-23432AB4EFC6}.Release|Any CPU.Build.0 = Release|Any CPU
		{118DD381-2644-4534-A0C3-23432AB4EFC6}.Release|Any CPU.Deploy.0 = Release|Any CPU
		{C35561FD-C1DE-48CC-8217-F09E6D2A7864}.Debug|Any CPU.ActiveCfg = Debug|Any CPU
		{C35561FD-C1DE-48CC-8217-F09E6D2A7864}.Debug|Any CPU.Build.0 = Debug|Any CPU
		{C35561FD-C1DE-48CC-8217-F09E6D2A7864}.Release|Any CPU.ActiveCfg = Release|Any CPU
		{C35561FD-C1DE-48CC-8217-F09E6D2A7864}.Release|Any CPU.Build.0 = Release|Any CPU
	EndGlobalSection
	GlobalSection(SolutionProperties) = preSolution
		HideSolutionNode = FALSE
	EndGlobalSection
	GlobalSection(ExtensibilityGlobals) = postSolution
		SolutionGuid = {15CB705F-6693-4ADB-BB9B-FB5282046ACD}
	EndGlobalSection
	GlobalSection(CRMSolutionProperties) = preSolution
		SolutionIsBoundToCRM = True
	EndGlobalSection
EndGlobal
